
Microsoft Visual Studio Solution File, Format Version 12.00
# Visual Studio 14
VisualStudioVersion = 14.0.25420.1
MinimumVisualStudioVersion = 10.0.40219.1
Project("{2150E333-8FDC-42A3-9474-1A3956D46DE8}") = "src", "src", "{04F6D9E9-F300-431B-91D5-E269C4FBF0BC}"
EndProject
Project("{2150E333-8FDC-42A3-9474-1A3956D46DE8}") = "Solution Items", "Solution Items", "{13482DA0-50BF-4938-B870-2D066009352C}"
	ProjectSection(SolutionItems) = preProject
		global.json = global.json
	EndProjectSection
EndProject
Project("{8BB2217D-0F2D-49D1-97BC-3654ED321F3B}") = "Stajs.Mazed.CommandLine", "src\Stajs.Mazed.CommandLine\Stajs.Mazed.CommandLine.xproj", "{2CFAF207-1CBA-4B8D-8F73-C22AFCAA4DF6}"
EndProject
Project("{8BB2217D-0F2D-49D1-97BC-3654ED321F3B}") = "Stajs.Mazed.Core", "src\Stajs.Mazed.Core\Stajs.Mazed.Core.xproj", "{5491D2B4-C3B3-4737-BA67-413D312EFD21}"
EndProject
Global
	GlobalSection(SolutionConfigurationPlatforms) = preSolution
		Debug|Any CPU = Debug|Any CPU
		Release|Any CPU = Release|Any CPU
	EndGlobalSection
	GlobalSection(ProjectConfigurationPlatforms) = postSolution
		{2CFAF207-1CBA-4B8D-8F73-C22AFCAA4DF6}.Debug|Any CPU.ActiveCfg = Debug|Any CPU
		{2CFAF207-1CBA-4B8D-8F73-C22AFCAA4DF6}.Debug|Any CPU.Build.0 = Debug|Any CPU
		{2CFAF207-1CBA-4B8D-8F73-C22AFCAA4DF6}.Release|Any CPU.ActiveCfg = Release|Any CPU
		{2CFAF207-1CBA-4B8D-8F73-C22AFCAA4DF6}.Release|Any CPU.Build.0 = Release|Any CPU
		{5491D2B4-C3B3-4737-BA67-413D312EFD21}.Debug|Any CPU.ActiveCfg = Debug|Any CPU
		{5491D2B4-C3B3-4737-BA67-413D312EFD21}.Debug|Any CPU.Build.0 = Debug|Any CPU
		{5491D2B4-C3B3-4737-BA67-413D312EFD21}.Release|Any CPU.ActiveCfg = Release|Any CPU
		{5491D2B4-C3B3-4737-BA67-413D312EFD21}.Release|Any CPU.Build.0 = Release|Any CPU
	EndGlobalSection
	GlobalSection(SolutionProperties) = preSolution
		HideSolutionNode = FALSE
	EndGlobalSection
	GlobalSection(NestedProjects) = preSolution
		{2CFAF207-1CBA-4B8D-8F73-C22AFCAA4DF6} = {04F6D9E9-F300-431B-91D5-E269C4FBF0BC}
		{5491D2B4-C3B3-4737-BA67-413D312EFD21} = {04F6D9E9-F300-431B-91D5-E269C4FBF0BC}
	EndGlobalSection
EndGlobal
